// !$*UTF8*$!
{
	archiveVersion = 1;
	classes = {
	};
	objectVersion = 46;
	objects = {

/* Begin PBXBuildFile section */
		4807AE431D6166C700B1F56F /* main.m in Sources */ = {isa = PBXBuildFile; fileRef = 4807AE421D6166C700B1F56F /* main.m */; };
		4807AE461D6166C700B1F56F /* AppDelegate.m in Sources */ = {isa = PBXBuildFile; fileRef = 4807AE451D6166C700B1F56F /* AppDelegate.m */; };
		4807AE491D6166C700B1F56F /* ViewController2.m in Sources */ = {isa = PBXBuildFile; fileRef = 4807AE481D6166C700B1F56F /* ViewController2.m */; };
		4807AE4C1D6166C700B1F56F /* Main.storyboard in Resources */ = {isa = PBXBuildFile; fileRef = 4807AE4A1D6166C700B1F56F /* Main.storyboard */; };
		4807AE4E1D6166C700B1F56F /* Assets.xcassets in Resources */ = {isa = PBXBuildFile; fileRef = 4807AE4D1D6166C700B1F56F /* Assets.xcassets */; };
		4807AE511D6166C700B1F56F /* LaunchScreen.storyboard in Resources */ = {isa = PBXBuildFile; fileRef = 4807AE4F1D6166C700B1F56F /* LaunchScreen.storyboard */; };
		4807AE5C1D6166C700B1F56F /* gitDemoTests.m in Sources */ = {isa = PBXBuildFile; fileRef = 4807AE5B1D6166C700B1F56F /* gitDemoTests.m */; };
		4807AE671D6166C700B1F56F /* gitDemoUITests.m in Sources */ = {isa = PBXBuildFile; fileRef = 4807AE661D6166C700B1F56F /* gitDemoUITests.m */; };
/* End PBXBuildFile section */

/* Begin PBXContainerItemProxy section */
		4807AE581D6166C700B1F56F /* PBXContainerItemProxy */ = {
			isa = PBXContainerItemProxy;
			containerPortal = 4807AE361D6166C700B1F56F /* Project object */;
			proxyType = 1;
			remoteGlobalIDString = 4807AE3D1D6166C700B1F56F;
			remoteInfo = gitDemo;
		};
		4807AE631D6166C700B1F56F /* PBXContainerItemProxy */ = {
			isa = PBXContainerItemProxy;
			containerPortal = 4807AE361D6166C700B1F56F /* Project object */;
			proxyType = 1;
			remoteGlobalIDString = 4807AE3D1D6166C700B1F56F;
			remoteInfo = gitDemo;
		};
/* End PBXContainerItemProxy section */

/* Begin PBXFileReference section */
		4807AE3E1D6166C700B1F56F /* gitDemo.app */ = {isa = PBXFileReference; explicitFileType = wrapper.application; includeInIndex = 0; path = gitDemo.app; sourceTree = BUILT_PRODUCTS_DIR; };
		4807AE421D6166C700B1F56F /* main.m */ = {isa = PBXFileReference; lastKnownFileType = sourcecode.c.objc; path = main.m; sourceTree = "<group>"; };
		4807AE441D6166C700B1F56F /* AppDelegate.h */ = {isa = PBXFileReference; lastKnownFileType = sourcecode.c.h; path = AppDelegate.h; sourceTree = "<group>"; };
		4807AE451D6166C700B1F56F /* AppDelegate.m */ = {isa = PBXFileReference; lastKnownFileType = sourcecode.c.objc; path = AppDelegate.m; sourceTree = "<group>"; };
		4807AE471D6166C700B1F56F /* ViewController2.h */ = {isa = PBXFileReference; lastKnownFileType = sourcecode.c.h; lineEnding = 0; path = ViewController2.h; sourceTree = "<group>"; xcLanguageSpecificationIdentifier = xcode.lang.objcpp; };
		4807AE481D6166C700B1F56F /* ViewController2.m */ = {isa = PBXFileReference; lastKnownFileType = sourcecode.c.objc; lineEnding = 0; path = ViewController2.m; sourceTree = "<group>"; xcLanguageSpecificationIdentifier = xcode.lang.objc; };
		4807AE4B1D6166C700B1F56F /* Base */ = {isa = PBXFileReference; lastKnownFileType = file.storyboard; name = Base; path = Base.lproj/Main.storyboard; sourceTree = "<group>"; };
		4807AE4D1D6166C700B1F56F /* Assets.xcassets */ = {isa = PBXFileReference; lastKnownFileType = folder.assetcatalog; path = Assets.xcassets; sourceTree = "<group>"; };
		4807AE501D6166C700B1F56F /* Base */ = {isa = PBXFileReference; lastKnownFileType = file.storyboard; name = Base; path = Base.lproj/LaunchScreen.storyboard; sourceTree = "<group>"; };
		4807AE521D6166C700B1F56F /* Info.plist */ = {isa = PBXFileReference; lastKnownFileType = text.plist.xml; path = Info.plist; sourceTree = "<group>"; };
		4807AE571D6166C700B1F56F /* gitDemoTests.xctest */ = {isa = PBXFileReference; explicitFileType = wrapper.cfbundle; includeInIndex = 0; path = gitDemoTests.xctest; sourceTree = BUILT_PRODUCTS_DIR; };
		4807AE5B1D6166C700B1F56F /* gitDemoTests.m */ = {isa = PBXFileReference; lastKnownFileType = sourcecode.c.objc; path = gitDemoTests.m; sourceTree = "<group>"; };
		4807AE5D1D6166C700B1F56F /* Info.plist */ = {isa = PBXFileReference; lastKnownFileType = text.plist.xml; path = Info.plist; sourceTree = "<group>"; };
		4807AE621D6166C700B1F56F /* gitDemoUITests.xctest */ = {isa = PBXFileReference; explicitFileType = wrapper.cfbundle; includeInIndex = 0; path = gitDemoUITests.xctest; sourceTree = BUILT_PRODUCTS_DIR; };
		4807AE661D6166C700B1F56F /* gitDemoUITests.m */ = {isa = PBXFileReference; lastKnownFileType = sourcecode.c.objc; path = gitDemoUITests.m; sourceTree = "<group>"; };
		4807AE681D6166C700B1F56F /* Info.plist */ = {isa = PBXFileReference; lastKnownFileType = text.plist.xml; path = Info.plist; sourceTree = "<group>"; };
/* End PBXFileReference section */

/* Begin PBXFrameworksBuildPhase section */
		4807AE3B1D6166C700B1F56F /* Frameworks */ = {
			isa = PBXFrameworksBuildPhase;
			buildActionMask = 2147483647;
			files = (
			);
			runOnlyForDeploymentPostprocessing = 0;
		};
		4807AE541D6166C700B1F56F /* Frameworks */ = {
			isa = PBXFrameworksBuildPhase;
			buildActionMask = 2147483647;
			files = (
			);
			runOnlyForDeploymentPostprocessing = 0;
		};
		4807AE5F1D6166C700B1F56F /* Frameworks */ = {
			isa = PBXFrameworksBuildPhase;
			buildActionMask = 2147483647;
			files = (
			);
			runOnlyForDeploymentPostprocessing = 0;
		};
/* End PBXFrameworksBuildPhase section */

/* Begin PBXGroup section */
		4807AE351D6166C700B1F56F = {
			isa = PBXGroup;
			children = (
				4807AE401D6166C700B1F56F /* gitDemo */,
				4807AE5A1D6166C700B1F56F /* gitDemoTests */,
				4807AE651D6166C700B1F56F /* gitDemoUITests */,
				4807AE3F1D6166C700B1F56F /* Products */,
			);
			sourceTree = "<group>";
		};
		4807AE3F1D6166C700B1F56F /* Products */ = {
			isa = PBXGroup;
			children = (
				4807AE3E1D6166C700B1F56F /* gitDemo.app */,
				4807AE571D6166C700B1F56F /* gitDemoTests.xctest */,
				4807AE621D6166C700B1F56F /* gitDemoUITests.xctest */,
			);
			name = Products;
			sourceTree = "<group>";
		};
		4807AE401D6166C700B1F56F /* gitDemo */ = {
			isa = PBXGroup;
			children = (
				4807AE441D6166C700B1F56F /* AppDelegate.h */,
				4807AE451D6166C700B1F56F /* AppDelegate.m */,
				4807AE471D6166C700B1F56F /* ViewController2.h */,
				4807AE481D6166C700B1F56F /* ViewController2.m */,
				4807AE4A1D6166C700B1F56F /* Main.storyboard */,
				4807AE4D1D6166C700B1F56F /* Assets.xcassets */,
				4807AE4F1D6166C700B1F56F /* LaunchScreen.storyboard */,
				4807AE521D6166C700B1F56F /* Info.plist */,
				4807AE411D6166C700B1F56F /* Supporting Files */,
			);
			path = gitDemo;
			sourceTree = "<group>";
		};
		4807AE411D6166C700B1F56F /* Supporting Files */ = {
			isa = PBXGroup;
			children = (
				4807AE421D6166C700B1F56F /* main.m */,
			);
			name = "Supporting Files";
			sourceTree = "<group>";
		};
		4807AE5A1D6166C700B1F56F /* gitDemoTests */ = {
			isa = PBXGroup;
			children = (
				4807AE5B1D6166C700B1F56F /* gitDemoTests.m */,
				4807AE5D1D6166C700B1F56F /* Info.plist */,
			);
			path = gitDemoTests;
			sourceTree = "<group>";
		};
		4807AE651D6166C700B1F56F /* gitDemoUITests */ = {
			isa = PBXGroup;
			children = (
				4807AE661D6166C700B1F56F /* gitDemoUITests.m */,
				4807AE681D6166C700B1F56F /* Info.plist */,
			);
			path = gitDemoUITests;
			sourceTree = "<group>";
		};
/* End PBXGroup section */

/* Begin PBXNativeTarget section */
		4807AE3D1D6166C700B1F56F /* gitDemo */ = {
			isa = PBXNativeTarget;
			buildConfigurationList = 4807AE6B1D6166C700B1F56F /* Build configuration list for PBXNativeTarget "gitDemo" */;
			buildPhases = (
				4807AE3A1D6166C700B1F56F /* Sources */,
				4807AE3B1D6166C700B1F56F /* Frameworks */,
				4807AE3C1D6166C700B1F56F /* Resources */,
			);
			buildRules = (
			);
			dependencies = (
			);
			name = gitDemo;
			productName = gitDemo;
			productReference = 4807AE3E1D6166C700B1F56F /* gitDemo.app */;
			productType = "com.apple.product-type.application";
		};
		4807AE561D6166C700B1F56F /* gitDemoTests */ = {
			isa = PBXNativeTarget;
			buildConfigurationList = 4807AE6E1D6166C700B1F56F /* Build configuration list for PBXNativeTarget "gitDemoTests" */;
			buildPhases = (
				4807AE531D6166C700B1F56F /* Sources */,
				4807AE541D6166C700B1F56F /* Frameworks */,
				4807AE551D6166C700B1F56F /* Resources */,
			);
			buildRules = (
			);
			dependencies = (
				4807AE591D6166C700B1F56F /* PBXTargetDependency */,
			);
			name = gitDemoTests;
			productName = gitDemoTests;
			productReference = 4807AE571D6166C700B1F56F /* gitDemoTests.xctest */;
			productType = "com.apple.product-type.bundle.unit-test";
		};
		4807AE611D6166C700B1F56F /* gitDemoUITests */ = {
			isa = PBXNativeTarget;
			buildConfigurationList = 4807AE711D6166C700B1F56F /* Build configuration list for PBXNativeTarget "gitDemoUITests" */;
			buildPhases = (
				4807AE5E1D6166C700B1F56F /* Sources */,
				4807AE5F1D6166C700B1F56F /* Frameworks */,
				4807AE601D6166C700B1F56F /* Resources */,
			);
			buildRules = (
			);
			dependencies = (
				4807AE641D6166C700B1F56F /* PBXTargetDependency */,
			);
			name = gitDemoUITests;
			productName = gitDemoUITests;
			productReference = 4807AE621D6166C700B1F56F /* gitDemoUITests.xctest */;
			productType = "com.apple.product-type.bundle.ui-testing";
		};
/* End PBXNativeTarget section */

/* Begin PBXProject section */
		4807AE361D6166C700B1F56F /* Project object */ = {
			isa = PBXProject;
			attributes = {
				LastUpgradeCheck = 0720;
				ORGANIZATIONNAME = FLT;
				TargetAttributes = {
					4807AE3D1D6166C700B1F56F = {
						CreatedOnToolsVersion = 7.2.1;
					};
					4807AE561D6166C700B1F56F = {
						CreatedOnToolsVersion = 7.2.1;
						TestTargetID = 4807AE3D1D6166C700B1F56F;
					};
					4807AE611D6166C700B1F56F = {
						CreatedOnToolsVersion = 7.2.1;
						TestTargetID = 4807AE3D1D6166C700B1F56F;
					};
				};
			};
			buildConfigurationList = 4807AE391D6166C700B1F56F /* Build configuration list for PBXProject "gitDemo" */;
			compatibilityVersion = "Xcode 3.2";
			developmentRegion = English;
			hasScannedForEncodings = 0;
			knownRegions = (
				en,
				Base,
			);
			mainGroup = 4807AE351D6166C700B1F56F;
			productRefGroup = 4807AE3F1D6166C700B1F56F /* Products */;
			projectDirPath = "";
			projectRoot = "";
			targets = (
				4807AE3D1D6166C700B1F56F /* gitDemo */,
				4807AE561D6166C700B1F56F /* gitDemoTests */,
				4807AE611D6166C700B1F56F /* gitDemoUITests */,
			);
		};
/* End PBXProject section */

/* Begin PBXResourcesBuildPhase section */
		4807AE3C1D6166C700B1F56F /* Resources */ = {
			isa = PBXResourcesBuildPhase;
			buildActionMask = 2147483647;
			files = (
				4807AE511D6166C700B1F56F /* LaunchScreen.storyboard in Resources */,
				4807AE4E1D6166C700B1F56F /* Assets.xcassets in Resources */,
				4807AE4C1D6166C700B1F56F /* Main.storyboard in Resources */,
			);
			runOnlyForDeploymentPostprocessing = 0;
		};
		4807AE551D6166C700B1F56F /* Resources */ = {
			isa = PBXResourcesBuildPhase;
			buildActionMask = 2147483647;
			files = (
			);
			runOnlyForDeploymentPostprocessing = 0;
		};
		4807AE601D6166C700B1F56F /* Resources */ = {
			isa = PBXResourcesBuildPhase;
			buildActionMask = 2147483647;
			files = (
			);
			runOnlyForDeploymentPostprocessing = 0;
		};
/* End PBXResourcesBuildPhase section */

/* Begin PBXSourcesBuildPhase section */
		4807AE3A1D6166C700B1F56F /* Sources */ = {
			isa = PBXSourcesBuildPhase;
			buildActionMask = 2147483647;
			files = (
				4807AE491D6166C700B1F56F /* ViewController2.m in Sources */,
				4807AE461D6166C700B1F56F /* AppDelegate.m in Sources */,
				4807AE431D6166C700B1F56F /* main.m in Sources */,
			);
			runOnlyForDeploymentPostprocessing = 0;
		};
		4807AE531D6166C700B1F56F /* Sources */ = {
			isa = PBXSourcesBuildPhase;
			buildActionMask = 2147483647;
			files = (
				4807AE5C1D6166C700B1F56F /* gitDemoTests.m in Sources */,
			);
			runOnlyForDeploymentPostprocessing = 0;
		};
		4807AE5E1D6166C700B1F56F /* Sources */ = {
			isa = PBXSourcesBuildPhase;
			buildActionMask = 2147483647;
			files = (
				4807AE671D6166C700B1F56F /* gitDemoUITests.m in Sources */,
			);
			runOnlyForDeploymentPostprocessing = 0;
		};
/* End PBXSourcesBuildPhase section */

/* Begin PBXTargetDependency section */
		4807AE591D6166C700B1F56F /* PBXTargetDependency */ = {
			isa = PBXTargetDependency;
			target = 4807AE3D1D6166C700B1F56F /* gitDemo */;
			targetProxy = 4807AE581D6166C700B1F56F /* PBXContainerItemProxy */;
		};
		4807AE641D6166C700B1F56F /* PBXTargetDependency */ = {
			isa = PBXTargetDependency;
			target = 4807AE3D1D6166C700B1F56F /* gitDemo */;
			targetProxy = 4807AE631D6166C700B1F56F /* PBXContainerItemProxy */;
		};
/* End PBXTargetDependency section */

/* Begin PBXVariantGroup section */
		4807AE4A1D6166C700B1F56F /* Main.storyboard */ = {
			isa = PBXVariantGroup;
			children = (
				4807AE4B1D6166C700B1F56F /* Base */,
			);
			name = Main.storyboard;
			sourceTree = "<group>";
		};
		4807AE4F1D6166C700B1F56F /* LaunchScreen.storyboard */ = {
			isa = PBXVariantGroup;
			children = (
				4807AE501D6166C700B1F56F /* Base */,
			);
			name = LaunchScreen.storyboard;
			sourceTree = "<group>";
		};
/* End PBXVariantGroup section */

/* Begin XCBuildConfiguration section */
		4807AE691D6166C700B1F56F /* Debug */ = {
			isa = XCBuildConfiguration;
			buildSettings = {
				ALWAYS_SEARCH_USER_PATHS = NO;
				CLANG_CXX_LANGUAGE_STANDARD = "gnu++0x";
				CLANG_CXX_LIBRARY = "libc++";
				CLANG_ENABLE_MODULES = YES;
				CLANG_ENABLE_OBJC_ARC = YES;
				CLANG_WARN_BOOL_CONVERSION = YES;
				CLANG_WARN_CONSTANT_CONVERSION = YES;
				CLANG_WARN_DIRECT_OBJC_ISA_USAGE = YES_ERROR;
				CLANG_WARN_EMPTY_BODY = YES;
				CLANG_WARN_ENUM_CONVERSION = YES;
				CLANG_WARN_INT_CONVERSION = YES;
				CLANG_WARN_OBJC_ROOT_CLASS = YES_ERROR;
				CLANG_WARN_UNREACHABLE_CODE = YES;
				CLANG_WARN__DUPLICATE_METHOD_MATCH = YES;
				"CODE_SIGN_IDENTITY[sdk=iphoneos*]" = "iPhone Developer";
				COPY_PHASE_STRIP = NO;
				DEBUG_INFORMATION_FORMAT = dwarf;
				ENABLE_STRICT_OBJC_MSGSEND = YES;
				ENABLE_TESTABILITY = YES;
				GCC_C_LANGUAGE_STANDARD = gnu99;
				GCC_DYNAMIC_NO_PIC = NO;
				GCC_NO_COMMON_BLOCKS = YES;
				GCC_OPTIMIZATION_LEVEL = 0;
				GCC_PREPROCESSOR_DEFINITIONS = (
					"DEBUG=1",
					"$(inherited)",
				);
				GCC_WARN_64_TO_32_BIT_CONVERSION = YES;
				GCC_WARN_ABOUT_RETURN_TYPE = YES_ERROR;
				GCC_WARN_UNDECLARED_SELECTOR = YES;
				GCC_WARN_UNINITIALIZED_AUTOS = YES_AGGRESSIVE;
				GCC_WARN_UNUSED_FUNCTION = YES;
				GCC_WARN_UNUSED_VARIABLE = YES;
				IPHONEOS_DEPLOYMENT_TARGET = 9.2;
				MTL_ENABLE_DEBUG_INFO = YES;
				ONLY_ACTIVE_ARCH = YES;
				SDKROOT = iphoneos;
				TARGETED_DEVICE_FAMILY = "1,2";
			};
			name = Debug;
		};
		4807AE6A1D6166C700B1F56F /* Release */ = {
			isa = XCBuildConfiguration;
			buildSettings = {
				ALWAYS_SEARCH_USER_PATHS = NO;
				CLANG_CXX_LANGUAGE_STANDARD = "gnu++0x";
				CLANG_CXX_LIBRARY = "libc++";
				CLANG_ENABLE_MODULES = YES;
				CLANG_ENABLE_OBJC_ARC = YES;
				CLANG_WARN_BOOL_CONVERSION = YES;
				CLANG_WARN_CONSTANT_CONVERSION = YES;
				CLANG_WARN_DIRECT_OBJC_ISA_USAGE = YES_ERROR;
				CLANG_WARN_EMPTY_BODY = YES;
				CLANG_WARN_ENUM_CONVERSION = YES;
				CLANG_WARN_INT_CONVERSION = YES;
				CLANG_WARN_OBJC_ROOT_CLASS = YES_ERROR;
				CLANG_WARN_UNREACHABLE_CODE = YES;
				CLANG_WARN__DUPLICATE_METHOD_MATCH = YES;
				"CODE_SIGN_IDENTITY[sdk=iphoneos*]" = "iPhone Developer";
				COPY_PHASE_STRIP = NO;
				DEBUG_INFORMATION_FORMAT = "dwarf-with-dsym";
				ENABLE_NS_ASSERTIONS = NO;
				ENABLE_STRICT_OBJC_MSGSEND = YES;
				GCC_C_LANGUAGE_STANDARD = gnu99;
				GCC_NO_COMMON_BLOCKS = YES;
				GCC_WARN_64_TO_32_BIT_CONVERSION = YES;
				GCC_WARN_ABOUT_RETURN_TYPE = YES_ERROR;
				GCC_WARN_UNDECLARED_SELECTOR = YES;
				GCC_WARN_UNINITIALIZED_AUTOS = YES_AGGRESSIVE;
				GCC_WARN_UNUSED_FUNCTION = YES;
				GCC_WARN_UNUSED_VARIABLE = YES;
				IPHONEOS_DEPLOYMENT_TARGET = 9.2;
				MTL_ENABLE_DEBUG_INFO = NO;
				SDKROOT = iphoneos;
				TARGETED_DEVICE_FAMILY = "1,2";
				VALIDATE_PRODUCT = YES;
			};
			name = Release;
		};
		4807AE6C1D6166C700B1F56F /* Debug */ = {
			isa = XCBuildConfiguration;
			buildSettings = {
				ASSETCATALOG_COMPILER_APPICON_NAME = AppIcon;
				INFOPLIST_FILE = gitDemo/Info.plist;
				LD_RUNPATH_SEARCH_PATHS = "$(inherited) @executable_path/Frameworks";
				PRODUCT_BUNDLE_IDENTIFIER = com.Anvei.gitDemo;
				PRODUCT_NAME = "$(TARGET_NAME)";
			};
			name = Debug;
		};
		4807AE6D1D6166C700B1F56F /* Release */ = {
			isa = XCBuildConfiguration;
			buildSettings = {
				ASSETCATALOG_COMPILER_APPICON_NAME = AppIcon;
				INFOPLIST_FILE = gitDemo/Info.plist;
				LD_RUNPATH_SEARCH_PATHS = "$(inherited) @executable_path/Frameworks";
				PRODUCT_BUNDLE_IDENTIFIER = com.Anvei.gitDemo;
				PRODUCT_NAME = "$(TARGET_NAME)";
			};
			name = Release;
		};
		4807AE6F1D6166C700B1F56F /* Debug */ = {
			isa = XCBuildConfiguration;
			buildSettings = {
				BUNDLE_LOADER = "$(TEST_HOST)";
				INFOPLIST_FILE = gitDemoTests/Info.plist;
				LD_RUNPATH_SEARCH_PATHS = "$(inherited) @executable_path/Frameworks @loader_path/Frameworks";
				PRODUCT_BUNDLE_IDENTIFIER = com.Anvei.gitDemoTests;
				PRODUCT_NAME = "$(TARGET_NAME)";
				TEST_HOST = "$(BUILT_PRODUCTS_DIR)/gitDemo.app/gitDemo";
			};
			name = Debug;
		};
		4807AE701D6166C700B1F56F /* Release */ = {
			isa = XCBuildConfiguration;
			buildSettings = {
				BUNDLE_LOADER = "$(TEST_HOST)";
				INFOPLIST_FILE = gitDemoTests/Info.plist;
				LD_RUNPATH_SEARCH_PATHS = "$(inherited) @executable_path/Frameworks @loader_path/Frameworks";
				PRODUCT_BUNDLE_IDENTIFIER = com.Anvei.gitDemoTests;
				PRODUCT_NAME = "$(TARGET_NAME)";
				TEST_HOST = "$(BUILT_PRODUCTS_DIR)/gitDemo.app/gitDemo";
			};
			name = Release;
		};
		4807AE721D6166C700B1F56F /* Debug */ = {
			isa = XCBuildConfiguration;
			buildSettings = {
				INFOPLIST_FILE = gitDemoUITests/Info.plist;
				LD_RUNPATH_SEARCH_PATHS = "$(inherited) @executable_path/Frameworks @loader_path/Frameworks";
				PRODUCT_BUNDLE_IDENTIFIER = com.Anvei.gitDemoUITests;
				PRODUCT_NAME = "$(TARGET_NAME)";
				TEST_TARGET_NAME = gitDemo;
				USES_XCTRUNNER = YES;
			};
			name = Debug;
		};
		4807AE731D6166C700B1F56F /* Release */ = {
			isa = XCBuildConfiguration;
			buildSettings = {
				INFOPLIST_FILE = gitDemoUITests/Info.plist;
				LD_RUNPATH_SEARCH_PATHS = "$(inherited) @executable_path/Frameworks @loader_path/Frameworks";
				PRODUCT_BUNDLE_IDENTIFIER = com.Anvei.gitDemoUITests;
				PRODUCT_NAME = "$(TARGET_NAME)";
				TEST_TARGET_NAME = gitDemo;
				USES_XCTRUNNER = YES;
			};
			name = Release;
		};
/* End XCBuildConfiguration section */

/* Begin XCConfigurationList section */
		4807AE391D6166C700B1F56F /* Build configuration list for PBXProject "gitDemo" */ = {
			isa = XCConfigurationList;
			buildConfigurations = (
				4807AE691D6166C700B1F56F /* Debug */,
				4807AE6A1D6166C700B1F56F /* Release */,
			);
			defaultConfigurationIsVisible = 0;
			defaultConfigurationName = Release;
		};
		4807AE6B1D6166C700B1F56F /* Build configuration list for PBXNativeTarget "gitDemo" */ = {
			isa = XCConfigurationList;
			buildConfigurations = (
				4807AE6C1D6166C700B1F56F /* Debug */,
				4807AE6D1D6166C700B1F56F /* Release */,
			);
			defaultConfigurationIsVisible = 0;
			defaultConfigurationName = Release;
		};
		4807AE6E1D6166C700B1F56F /* Build configuration list for PBXNativeTarget "gitDemoTests" */ = {
			isa = XCConfigurationList;
			buildConfigurations = (
				4807AE6F1D6166C700B1F56F /* Debug */,
				4807AE701D6166C700B1F56F /* Release */,
			);
			defaultConfigurationIsVisible = 0;
			defaultConfigurationName = Release;
		};
		4807AE711D6166C700B1F56F /* Build configuration list for PBXNativeTarget "gitDemoUITests" */ = {
			isa = XCConfigurationList;
			buildConfigurations = (
				4807AE721D6166C700B1F56F /* Debug */,
				4807AE731D6166C700B1F56F /* Release */,
			);
			defaultConfigurationIsVisible = 0;
			defaultConfigurationName = Release;
		};
/* End XCConfigurationList section */
	};
	rootObject = 4807AE361D6166C700B1F56F /* Project object */;
}
